
Microsoft Visual Studio Solution File, Format Version 12.00
# Visual Studio Version 16
VisualStudioVersion = 16.0.32002.261
MinimumVisualStudioVersion = 10.0.40219.1
Project("{9A19103F-16F7-4668-BE54-9A1E7A4F7556}") = "LearnLanguagesDictionaryWebsite", "LearnLanguagesDictionaryWebsite.csproj", "{81BB996C-6FB3-4B2A-B92E-C034337DA2A0}"
EndProject
Global
	GlobalSection(SolutionConfigurationPlatforms) = preSolution
		Debug|Any CPU = Debug|Any CPU
		Release|Any CPU = Release|Any CPU
	EndGlobalSection
	GlobalSection(ProjectConfigurationPlatforms) = postSolution
		{81BB996C-6FB3-4B2A-B92E-C034337DA2A0}.Debug|Any CPU.ActiveCfg = Debug|Any CPU
		{81BB996C-6FB3-4B2A-B92E-C034337DA2A0}.Debug|Any CPU.Build.0 = Debug|Any CPU
		{81BB996C-6FB3-4B2A-B92E-C034337DA2A0}.Release|Any CPU.ActiveCfg = Release|Any CPU
		{81BB996C-6FB3-4B2A-B92E-C034337DA2A0}.Release|Any CPU.Build.0 = Release|Any CPU
	EndGlobalSection
	GlobalSection(SolutionProperties) = preSolution
		HideSolutionNode = FALSE
	EndGlobalSection
	GlobalSection(ExtensibilityGlobals) = postSolution
		SolutionGuid = {6D63CDFB-D52F-4FA5-B65E-4D3FDC2A9E91}
	EndGlobalSection
EndGlobal
